<?xml version="1.0" encoding="utf-8"?>
<Project ToolsVersion="4.0" xmlns="http://schemas.microsoft.com/developer/msbuild/2003">
  <ItemGroup>
    <Filter Include="Source Files">
      <UniqueIdentifier>{4FC737F1-C7A5-4376-A066-2A32D752A2FF}</UniqueIdentifier>
      <Extensions>cpp;c;cc;cxx;c++;cppm;ixx;def;odl;idl;hpj;bat;asm;asmx</Extensions>
    </Filter>
    <Filter Include="Header Files">
      <UniqueIdentifier>{93995380-89BD-4b04-88EB-625FBE52EBFB}</UniqueIdentifier>
      <Extensions>h;hh;hpp;hxx;h++;hm;inl;inc;ipp;xsd</Extensions>
    </Filter>
    <Filter Include="Resource Files">
      <UniqueIdentifier>{67DA6AB6-F800-4c08-8B7A-83BB121AAD01}</UniqueIdentifier>
      <Extensions>rc;ico;cur;bmp;dlg;rc2;rct;bin;rgs;gif;jpg;jpeg;jpe;resx;tiff;tif;png;wav;mfcribbon-ms</Extensions>
    </Filter>
    <Filter Include="Header Files\Util">
      <UniqueIdentifier>{b6b82c1f-082d-4c54-81b3-bd705956ccde}</UniqueIdentifier>
    </Filter>
    <Filter Include="Source Files\Util">
      <UniqueIdentifier>{23a35d6e-75c9-41ee-8b57-7c4236ca28cb}</UniqueIdentifier>
    </Filter>
  </ItemGroup>
  <ItemGroup>
    <ClCompile Include="Util\Util.ixx">
      <Filter>Source Files</Filter>
    </ClCompile>
    <ClCompile Include="Util\Types.ixx">
      <Filter>Source Files</Filter>
    </ClCompile>
    <ClCompile Include="Util\ComPtr.ixx">
      <Filter>Source Files</Filter>
    </ClCompile>
    <ClCompile Include="Util\BitmapVis.ixx">
      <Filter>Source Files</Filter>
    </ClCompile>
    <ClCompile Include="Util\Containers\ArrayView.ixx">
      <Filter>Source Files</Filter>
    </ClCompile>
    <ClCompile Include="Util\Containers\BoundedArray.ixx">
      <Filter>Source Files</Filter>
    </ClCompile>
    <ClCompile Include="Util\Containers\ResizeableArray.ixx">
      <Filter>Source Files</Filter>
    </ClCompile>
    <ClCompile Include="Util\Containers\FixedArray.ixx">
      <Filter>Source Files</Filter>
    </ClCompile>
    <ClCompile Include="Util\Helpers.ixx">
      <Filter>Source Files</Filter>
    </ClCompile>
    <ClCompile Include="Util\Math\Vec.ixx">
      <Filter>Source Files</Filter>
    </ClCompile>
    <ClCompile Include="Util\Math\MathHelper.ixx">
      <Filter>Source Files</Filter>
    </ClCompile>
    <ClCompile Include="Main.cpp">
      <Filter>Source Files</Filter>
    </ClCompile>
    <ClCompile Include="Util\Containers\UnboundedArray.ixx">
      <Filter>Source Files</Filter>
    </ClCompile>
    <ClCompile Include="Util\Math\Interval.ixx">
      <Filter>Source Files</Filter>
    </ClCompile>
    <ClCompile Include="Util\Math\Mat.ixx">
      <Filter>Source Files</Filter>
    </ClCompile>
    <ClCompile Include="Util\Math\Polygons.ixx">
      <Filter>Source Files</Filter>
    </ClCompile>
    <ClCompile Include="Util\Timer.ixx">
      <Filter>Source Files</Filter>
    </ClCompile>
  </ItemGroup>
</Project>