
Microsoft Visual Studio Solution File, Format Version 12.00
# Visual Studio Version 17
VisualStudioVersion = 17.7.34018.315
MinimumVisualStudioVersion = 10.0.40219.1
Project("{8BC9CEB8-8B4A-11D0-8D11-00A0C91BC942}") = "AOC2024", "AOC2024.vcxproj", "{ACF8C498-5064-4487-9EC8-40A5931A6089}"
EndProject
Global
	GlobalSection(SolutionConfigurationPlatforms) = preSolution
		Debug|x64 = Debug|x64
		Debug|x86 = Debug|x86
		Release|x64 = Release|x64
		Release|x86 = Release|x86
	EndGlobalSection
	GlobalSection(ProjectConfigurationPlatforms) = postSolution
		{ACF8C498-5064-4487-9EC8-40A5931A6089}.Debug|x64.ActiveCfg = Debug|x64
		{ACF8C498-5064-4487-9EC8-40A5931A6089}.Debug|x64.Build.0 = Debug|x64
		{ACF8C498-5064-4487-9EC8-40A5931A6089}.Debug|x86.ActiveCfg = Debug|Win32
		{ACF8C498-5064-4487-9EC8-40A5931A6089}.Debug|x86.Build.0 = Debug|Win32
		{ACF8C498-5064-4487-9EC8-40A5931A6089}.Release|x64.ActiveCfg = Release|x64
		{ACF8C498-5064-4487-9EC8-40A5931A6089}.Release|x64.Build.0 = Release|x64
		{ACF8C498-5064-4487-9EC8-40A5931A6089}.Release|x86.ActiveCfg = Release|Win32
		{ACF8C498-5064-4487-9EC8-40A5931A6089}.Release|x86.Build.0 = Release|Win32
	EndGlobalSection
	GlobalSection(SolutionProperties) = preSolution
		HideSolutionNode = FALSE
	EndGlobalSection
	GlobalSection(ExtensibilityGlobals) = postSolution
		SolutionGuid = {9478339E-FD61-45B8-9C41-DE5CE4C33EB2}
	EndGlobalSection
EndGlobal
