<?xml version="1.0" encoding="utf-8"?>
<Project ToolsVersion="4.0" xmlns="http://schemas.microsoft.com/developer/msbuild/2003">
  <ItemGroup>
    <Filter Include="Source Files">
      <UniqueIdentifier>{4FC737F1-C7A5-4376-A066-2A32D752A2FF}</UniqueIdentifier>
      <Extensions>cpp;c;cc;cxx;c++;cppm;ixx;def;odl;idl;hpj;bat;asm;asmx</Extensions>
    </Filter>
    <Filter Include="Header Files">
      <UniqueIdentifier>{93995380-89BD-4b04-88EB-625FBE52EBFB}</UniqueIdentifier>
      <Extensions>h;hh;hpp;hxx;h++;hm;inl;inc;ipp;xsd</Extensions>
    </Filter>
    <Filter Include="Resource Files">
      <UniqueIdentifier>{67DA6AB6-F800-4c08-8B7A-83BB121AAD01}</UniqueIdentifier>
      <Extensions>rc;ico;cur;bmp;dlg;rc2;rct;bin;rgs;gif;jpg;jpeg;jpe;resx;tiff;tif;png;wav;mfcribbon-ms</Extensions>
    </Filter>
    <Filter Include="Header Files\Math">
      <UniqueIdentifier>{0c7afe2b-f20d-4333-bb73-016ecd7835c4}</UniqueIdentifier>
    </Filter>
    <Filter Include="Header Files\Util">
      <UniqueIdentifier>{08ccf7b2-ecf2-4d9b-bae3-dcb83c76db6e}</UniqueIdentifier>
    </Filter>
    <Filter Include="Header Files\Util\Containers">
      <UniqueIdentifier>{74b808db-54cd-4a22-a12c-4813dc93f079}</UniqueIdentifier>
    </Filter>
  </ItemGroup>
  <ItemGroup>
    <ClInclude Include="D01.h">
      <Filter>Header Files</Filter>
    </ClInclude>
    <ClInclude Include="Helpers.h">
      <Filter>Header Files</Filter>
    </ClInclude>
    <ClInclude Include="Util\Core.h">
      <Filter>Header Files\Util</Filter>
    </ClInclude>
    <ClInclude Include="Util\Debug.h">
      <Filter>Header Files\Util</Filter>
    </ClInclude>
    <ClInclude Include="Util\Types.h">
      <Filter>Header Files\Util</Filter>
    </ClInclude>
    <ClInclude Include="Util\Containers\ArrayView.h">
      <Filter>Header Files</Filter>
    </ClInclude>
    <ClInclude Include="Util\Containers\FixedArray.h">
      <Filter>Header Files</Filter>
    </ClInclude>
    <ClInclude Include="Util\Containers\BoundedArray.h">
      <Filter>Header Files</Filter>
    </ClInclude>
    <ClInclude Include="Util\Containers\ResizeableArray.h">
      <Filter>Header Files</Filter>
    </ClInclude>
    <ClInclude Include="Util\Containers\UnboundedArray.h">
      <Filter>Header Files</Filter>
    </ClInclude>
    <ClInclude Include="Util\Math\Vec.h">
      <Filter>Header Files</Filter>
    </ClInclude>
    <ClInclude Include="Util\Math\MathHelper.h">
      <Filter>Header Files</Filter>
    </ClInclude>
    <ClInclude Include="Util\Timer.h">
      <Filter>Header Files</Filter>
    </ClInclude>
    <ClInclude Include="Util\Math\Interval.h">
      <Filter>Header Files</Filter>
    </ClInclude>
    <ClInclude Include="Util\Math\Polygons.h">
      <Filter>Header Files</Filter>
    </ClInclude>
    <ClInclude Include="Util\BitmapVis.h">
      <Filter>Header Files</Filter>
    </ClInclude>
    <ClInclude Include="Util\ComPtr.h">
      <Filter>Header Files</Filter>
    </ClInclude>
    <ClInclude Include="Util\Math\Mat.h">
      <Filter>Header Files</Filter>
    </ClInclude>
    <ClInclude Include="D02.h">
      <Filter>Header Files</Filter>
    </ClInclude>
    <ClInclude Include="D03.h">
      <Filter>Header Files</Filter>
    </ClInclude>
    <ClInclude Include="D04.h">
      <Filter>Header Files</Filter>
    </ClInclude>
    <ClInclude Include="D05.h">
      <Filter>Header Files</Filter>
    </ClInclude>
    <ClInclude Include="D06.h">
      <Filter>Header Files</Filter>
    </ClInclude>
    <ClInclude Include="D07.h">
      <Filter>Header Files</Filter>
    </ClInclude>
    <ClInclude Include="D08.h">
      <Filter>Header Files</Filter>
    </ClInclude>
    <ClInclude Include="D09.h">
      <Filter>Header Files</Filter>
    </ClInclude>
  </ItemGroup>
  <ItemGroup>
    <ClCompile Include="Main.cpp">
      <Filter>Source Files</Filter>
    </ClCompile>
    <ClCompile Include="Util\Debug.cpp">
      <Filter>Header Files\Util</Filter>
    </ClCompile>
  </ItemGroup>
  <ItemGroup>
    <Natvis Include="NatvisFile.natvis" />
  </ItemGroup>
</Project>